
Microsoft Visual Studio Solution File, Format Version 12.00
# Visual Studio 16
Project("{FAE04EC0-301F-11D3-BF4B-00C04F79EFBC}") = "Assembly-CSharp", "Assembly-CSharp.csproj", "{E7A57E2C-743C-9BAB-F68C-B660E2392670}"
EndProject
Project("{FAE04EC0-301F-11D3-BF4B-00C04F79EFBC}") = "Assembly-CSharp-Editor", "Assembly-CSharp-Editor.csproj", "{8C8FD974-AE7D-03A1-00D6-BD3DF2847E35}"
EndProject
Global
	GlobalSection(SolutionConfigurationPlatforms) = preSolution
		Debug|Any CPU = Debug|Any CPU
		Release|Any CPU = Release|Any CPU
	EndGlobalSection
	GlobalSection(ProjectConfigurationPlatforms) = postSolution
		{E7A57E2C-743C-9BAB-F68C-B660E2392670}.Debug|Any CPU.ActiveCfg = Debug|Any CPU
		{E7A57E2C-743C-9BAB-F68C-B660E2392670}.Debug|Any CPU.Build.0 = Debug|Any CPU
		{E7A57E2C-743C-9BAB-F68C-B660E2392670}.Release|Any CPU.ActiveCfg = Release|Any CPU
		{E7A57E2C-743C-9BAB-F68C-B660E2392670}.Release|Any CPU.Build.0 = Release|Any CPU
		{8C8FD974-AE7D-03A1-00D6-BD3DF2847E35}.Debug|Any CPU.ActiveCfg = Debug|Any CPU
		{8C8FD974-AE7D-03A1-00D6-BD3DF2847E35}.Debug|Any CPU.Build.0 = Debug|Any CPU
		{8C8FD974-AE7D-03A1-00D6-BD3DF2847E35}.Release|Any CPU.ActiveCfg = Release|Any CPU
		{8C8FD974-AE7D-03A1-00D6-BD3DF2847E35}.Release|Any CPU.Build.0 = Release|Any CPU
	EndGlobalSection
	GlobalSection(SolutionProperties) = preSolution
		HideSolutionNode = FALSE
	EndGlobalSection
EndGlobal
